
Microsoft Visual Studio Solution File, Format Version 12.00
Project("{FAE04EC0-301F-11D3-BF4B-00C04F79EFBC}") = "CommandDotNet.IoC.Autofac", "CommandDotNet.IoC.Autofac.csproj", "{EC19E936-5998-4D2D-8B1D-40A29AEF230F}"
EndProject
Project("{FAE04EC0-301F-11D3-BF4B-00C04F79EFBC}") = "Tests", "Tests\Tests.csproj", "{9F938A0B-DF83-4CF9-AD51-6AE5B08DF872}"
EndProject
Global
	GlobalSection(SolutionConfigurationPlatforms) = preSolution
		Debug|Any CPU = Debug|Any CPU
		Release|Any CPU = Release|Any CPU
	EndGlobalSection
	GlobalSection(ProjectConfigurationPlatforms) = postSolution
		{EC19E936-5998-4D2D-8B1D-40A29AEF230F}.Debug|Any CPU.ActiveCfg = Debug|Any CPU
		{EC19E936-5998-4D2D-8B1D-40A29AEF230F}.Debug|Any CPU.Build.0 = Debug|Any CPU
		{EC19E936-5998-4D2D-8B1D-40A29AEF230F}.Release|Any CPU.ActiveCfg = Release|Any CPU
		{EC19E936-5998-4D2D-8B1D-40A29AEF230F}.Release|Any CPU.Build.0 = Release|Any CPU
		{9F938A0B-DF83-4CF9-AD51-6AE5B08DF872}.Debug|Any CPU.ActiveCfg = Debug|Any CPU
		{9F938A0B-DF83-4CF9-AD51-6AE5B08DF872}.Debug|Any CPU.Build.0 = Debug|Any CPU
		{9F938A0B-DF83-4CF9-AD51-6AE5B08DF872}.Release|Any CPU.ActiveCfg = Release|Any CPU
		{9F938A0B-DF83-4CF9-AD51-6AE5B08DF872}.Release|Any CPU.Build.0 = Release|Any CPU
	EndGlobalSection
EndGlobal
